
Microsoft Visual Studio Solution File, Format Version 12.00
# Visual Studio Version 16
VisualStudioVersion = 16.0.29613.14
MinimumVisualStudioVersion = 10.0.40219.1
Project("{FAE04EC0-301F-11D3-BF4B-00C04F79EFBC}") = "MasterWebApp", "MasterWebApp\MasterWebApp.csproj", "{90B2B621-02AC-4330-8BEA-923923E9A68A}"
EndProject
Project("{FAE04EC0-301F-11D3-BF4B-00C04F79EFBC}") = "SqlDomain", "SqlDomain\SqlDomain.csproj", "{FA06EE9E-3B96-4810-9BD7-20B42F457A49}"
EndProject
Project("{FAE04EC0-301F-11D3-BF4B-00C04F79EFBC}") = "SqlDataImporter", "SqlDataImporter\SqlDataImporter.csproj", "{62F5EA67-506A-468A-99BD-E06963E9DBDE}"
EndProject
Project("{FAE04EC0-301F-11D3-BF4B-00C04F79EFBC}") = "SCADA", "SCADA\SCADA.csproj", "{4098535D-A7C4-4441-9ACD-C88D952370EF}"
EndProject
Global
	GlobalSection(SolutionConfigurationPlatforms) = preSolution
		Debug|Any CPU = Debug|Any CPU
		Release|Any CPU = Release|Any CPU
	EndGlobalSection
	GlobalSection(ProjectConfigurationPlatforms) = postSolution
		{90B2B621-02AC-4330-8BEA-923923E9A68A}.Debug|Any CPU.ActiveCfg = Debug|Any CPU
		{90B2B621-02AC-4330-8BEA-923923E9A68A}.Debug|Any CPU.Build.0 = Debug|Any CPU
		{90B2B621-02AC-4330-8BEA-923923E9A68A}.Release|Any CPU.ActiveCfg = Release|Any CPU
		{90B2B621-02AC-4330-8BEA-923923E9A68A}.Release|Any CPU.Build.0 = Release|Any CPU
		{FA06EE9E-3B96-4810-9BD7-20B42F457A49}.Debug|Any CPU.ActiveCfg = Debug|Any CPU
		{FA06EE9E-3B96-4810-9BD7-20B42F457A49}.Debug|Any CPU.Build.0 = Debug|Any CPU
		{FA06EE9E-3B96-4810-9BD7-20B42F457A49}.Release|Any CPU.ActiveCfg = Release|Any CPU
		{FA06EE9E-3B96-4810-9BD7-20B42F457A49}.Release|Any CPU.Build.0 = Release|Any CPU
		{62F5EA67-506A-468A-99BD-E06963E9DBDE}.Debug|Any CPU.ActiveCfg = Debug|Any CPU
		{62F5EA67-506A-468A-99BD-E06963E9DBDE}.Debug|Any CPU.Build.0 = Debug|Any CPU
		{62F5EA67-506A-468A-99BD-E06963E9DBDE}.Release|Any CPU.ActiveCfg = Release|Any CPU
		{62F5EA67-506A-468A-99BD-E06963E9DBDE}.Release|Any CPU.Build.0 = Release|Any CPU
		{4098535D-A7C4-4441-9ACD-C88D952370EF}.Debug|Any CPU.ActiveCfg = Debug|Any CPU
		{4098535D-A7C4-4441-9ACD-C88D952370EF}.Debug|Any CPU.Build.0 = Debug|Any CPU
		{4098535D-A7C4-4441-9ACD-C88D952370EF}.Release|Any CPU.ActiveCfg = Release|Any CPU
		{4098535D-A7C4-4441-9ACD-C88D952370EF}.Release|Any CPU.Build.0 = Release|Any CPU
	EndGlobalSection
	GlobalSection(SolutionProperties) = preSolution
		HideSolutionNode = FALSE
	EndGlobalSection
	GlobalSection(ExtensibilityGlobals) = postSolution
		SolutionGuid = {13CDFF96-A226-4C16-A2A2-FAA9C2875B20}
	EndGlobalSection
EndGlobal
